
Microsoft Visual Studio Solution File, Format Version 12.00
# Visual Studio Version 17
VisualStudioVersion = 17.8.34330.188
MinimumVisualStudioVersion = 10.0.40219.1
Project("{9A19103F-16F7-4668-BE54-9A1E7A4F7556}") = "WebApplication1", "WebApplication1\WebApplication1.csproj", "{E5088E9B-30B3-40F6-84F7-766A47FB9318}"
EndProject
Project("{2150E333-8FDC-42A3-9474-1A3956D46DE8}") = "Solution Items", "Solution Items", "{B0246A5C-38C1-452C-B673-F5C584D4ADAB}"
	ProjectSection(SolutionItems) = preProject
		.editorconfig = .editorconfig
	EndProjectSection
EndProject
Global
	GlobalSection(SolutionConfigurationPlatforms) = preSolution
		Debug|Any CPU = Debug|Any CPU
		Release|Any CPU = Release|Any CPU
	EndGlobalSection
	GlobalSection(ProjectConfigurationPlatforms) = postSolution
		{E5088E9B-30B3-40F6-84F7-766A47FB9318}.Debug|Any CPU.ActiveCfg = Debug|Any CPU
		{E5088E9B-30B3-40F6-84F7-766A47FB9318}.Debug|Any CPU.Build.0 = Debug|Any CPU
		{E5088E9B-30B3-40F6-84F7-766A47FB9318}.Release|Any CPU.ActiveCfg = Release|Any CPU
		{E5088E9B-30B3-40F6-84F7-766A47FB9318}.Release|Any CPU.Build.0 = Release|Any CPU
	EndGlobalSection
	GlobalSection(SolutionProperties) = preSolution
		HideSolutionNode = FALSE
	EndGlobalSection
	GlobalSection(ExtensibilityGlobals) = postSolution
		SolutionGuid = {6249895B-45EA-44F9-8DC4-6EA9827A20D2}
	EndGlobalSection
EndGlobal
