
Microsoft Visual Studio Solution File, Format Version 12.00
# Visual Studio Version 17
VisualStudioVersion = 17.8.34330.188
MinimumVisualStudioVersion = 10.0.40219.1
Project("{9A19103F-16F7-4668-BE54-9A1E7A4F7556}") = "app-image-backend", "app-image-backend\app-image-backend.csproj", "{94BEBBC6-8746-4FA7-9EB3-A7F9DBA01655}"
EndProject
Project("{E53339B2-1760-4266-BCC7-CA923CBCF16C}") = "docker-compose", "docker-compose.dcproj", "{BAE8A868-7B01-4AF6-BBDC-2020D6309BC6}"
EndProject
Global
	GlobalSection(SolutionConfigurationPlatforms) = preSolution
		Debug|Any CPU = Debug|Any CPU
		Release|Any CPU = Release|Any CPU
	EndGlobalSection
	GlobalSection(ProjectConfigurationPlatforms) = postSolution
		{94BEBBC6-8746-4FA7-9EB3-A7F9DBA01655}.Debug|Any CPU.ActiveCfg = Debug|Any CPU
		{94BEBBC6-8746-4FA7-9EB3-A7F9DBA01655}.Debug|Any CPU.Build.0 = Debug|Any CPU
		{94BEBBC6-8746-4FA7-9EB3-A7F9DBA01655}.Release|Any CPU.ActiveCfg = Release|Any CPU
		{94BEBBC6-8746-4FA7-9EB3-A7F9DBA01655}.Release|Any CPU.Build.0 = Release|Any CPU
		{BAE8A868-7B01-4AF6-BBDC-2020D6309BC6}.Debug|Any CPU.ActiveCfg = Debug|Any CPU
		{BAE8A868-7B01-4AF6-BBDC-2020D6309BC6}.Debug|Any CPU.Build.0 = Debug|Any CPU
		{BAE8A868-7B01-4AF6-BBDC-2020D6309BC6}.Release|Any CPU.ActiveCfg = Release|Any CPU
		{BAE8A868-7B01-4AF6-BBDC-2020D6309BC6}.Release|Any CPU.Build.0 = Release|Any CPU
	EndGlobalSection
	GlobalSection(SolutionProperties) = preSolution
		HideSolutionNode = FALSE
	EndGlobalSection
	GlobalSection(ExtensibilityGlobals) = postSolution
		SolutionGuid = {E4055224-ABCE-4FB6-A93B-8A6035600E19}
	EndGlobalSection
EndGlobal
